
Microsoft Visual Studio Solution File, Format Version 12.00
# Visual Studio Version 16
VisualStudioVersion = 16.0.29411.108
MinimumVisualStudioVersion = 10.0.40219.1
Project("{9092AA53-FB77-4645-B42D-1CCCA6BD08BD}") = "EyeSpyWebApp", "EyeSpyWebApp\EyeSpyWebApp.njsproj", "{7D639EEA-1581-451C-B65B-E962FAF4D413}"
EndProject
Global
	GlobalSection(SolutionConfigurationPlatforms) = preSolution
		Debug|Any CPU = Debug|Any CPU
		Release|Any CPU = Release|Any CPU
	EndGlobalSection
	GlobalSection(ProjectConfigurationPlatforms) = postSolution
		{7D639EEA-1581-451C-B65B-E962FAF4D413}.Debug|Any CPU.ActiveCfg = Debug|Any CPU
		{7D639EEA-1581-451C-B65B-E962FAF4D413}.Debug|Any CPU.Build.0 = Debug|Any CPU
		{7D639EEA-1581-451C-B65B-E962FAF4D413}.Release|Any CPU.ActiveCfg = Release|Any CPU
		{7D639EEA-1581-451C-B65B-E962FAF4D413}.Release|Any CPU.Build.0 = Release|Any CPU
	EndGlobalSection
	GlobalSection(SolutionProperties) = preSolution
		HideSolutionNode = FALSE
	EndGlobalSection
	GlobalSection(ExtensibilityGlobals) = postSolution
		SolutionGuid = {FB825537-CFEC-4578-A675-BA2C920B1A9C}
	EndGlobalSection
EndGlobal
